Microsoft Visual Studio Solution File, Format Version 12.00
# Visual Studio Version 17
VisualStudioVersion = 17.14.0.0
MinimumVisualStudioVersion = 17.0.0.0
Project("{9A19103F-16F7-4668-BE54-9A1E7A4F7556}") = "PaymentsService", "PaymentsService\PaymentsService.csproj", "{A1B2C3D4-E5F6-7890-1234-567890ABCDEF}"
EndProject
Project("{9A19103F-16F7-4668-BE54-9A1E7A4F7556}") = "OrdersService", "OrdersService\OrdersService.csproj", "{65A3F69E-B8BA-4B49-847D-FEF3413CC940}"
EndProject
Project("{9A19103F-16F7-4668-BE54-9A1E7A4F7556}") = "LogQueryServer", "MCP\LogQueryServer\LogQueryServer.csproj", "{2C75E902-6BFF-4C61-B878-420C36CF8F42}"
EndProject
Project("{9A19103F-16F7-4668-BE54-9A1E7A4F7556}") = "MetricsServer", "MCP\MetricsServer\MetricsServer.csproj", "{13951B23-52CC-458C-88C1-4428CB824D45}"
EndProject
Project("{2150E333-8FDC-42A3-9474-1A3956D46DE8}") = "MCP", "MCP", "{E2CC5E18-B13B-4A82-A7D2-304FB0A1094B}"
EndProject
Project("{2150E333-8FDC-42A3-9474-1A3956D46DE8}") = "Services", "Services", "{326C6504-4B76-4FB2-9246-46365F8AE82E}"
EndProject
Global
	GlobalSection(SolutionConfigurationPlatforms) = preSolution
		Debug|Any CPU = Debug|Any CPU
		Release|Any CPU = Release|Any CPU
	EndGlobalSection
	GlobalSection(ProjectConfigurationPlatforms) = postSolution
		{A1B2C3D4-E5F6-7890-1234-567890ABCDEF}.Debug|Any CPU.ActiveCfg = Debug|Any CPU
		{A1B2C3D4-E5F6-7890-1234-567890ABCDEF}.Debug|Any CPU.Build.0 = Debug|Any CPU
		{A1B2C3D4-E5F6-7890-1234-567890ABCDEF}.Release|Any CPU.ActiveCfg = Release|Any CPU
		{A1B2C3D4-E5F6-7890-1234-567890ABCDEF}.Release|Any CPU.Build.0 = Release|Any CPU
		{65A3F69E-B8BA-4B49-847D-FEF3413CC940}.Debug|Any CPU.ActiveCfg = Debug|Any CPU
		{65A3F69E-B8BA-4B49-847D-FEF3413CC940}.Debug|Any CPU.Build.0 = Debug|Any CPU
		{65A3F69E-B8BA-4B49-847D-FEF3413CC940}.Release|Any CPU.ActiveCfg = Release|Any CPU
		{65A3F69E-B8BA-4B49-847D-FEF3413CC940}.Release|Any CPU.Build.0 = Release|Any CPU
		{2C75E902-6BFF-4C61-B878-420C36CF8F42}.Debug|Any CPU.ActiveCfg = Debug|Any CPU
		{2C75E902-6BFF-4C61-B878-420C36CF8F42}.Debug|Any CPU.Build.0 = Debug|Any CPU
		{2C75E902-6BFF-4C61-B878-420C36CF8F42}.Release|Any CPU.ActiveCfg = Release|Any CPU
		{2C75E902-6BFF-4C61-B878-420C36CF8F42}.Release|Any CPU.Build.0 = Release|Any CPU
		{13951B23-52CC-458C-88C1-4428CB824D45}.Debug|Any CPU.ActiveCfg = Debug|Any CPU
		{13951B23-52CC-458C-88C1-4428CB824D45}.Debug|Any CPU.Build.0 = Debug|Any CPU
		{13951B23-52CC-458C-88C1-4428CB824D45}.Release|Any CPU.ActiveCfg = Release|Any CPU
		{13951B23-52CC-458C-88C1-4428CB824D45}.Release|Any CPU.Build.0 = Release|Any CPU
	EndGlobalSection
	GlobalSection(SolutionProperties) = preSolution
		HideSolutionNode = FALSE
	EndGlobalSection
	GlobalSection(ExtensibilityGlobals) = postSolution
		SolutionGuid = {12345678-1234-1234-1234-123456789012}
	EndGlobalSection
EndGlobal
